// !$*UTF8*$!
{
	archiveVersion = 1;
	classes = {
	};
	objectVersion = 46;
	objects = {

/* Begin PBXBuildFile section */
		4A2EB0FF1DC72D11004F2F39 /* ZJActionSheetItem.m in Sources */ = {isa = PBXBuildFile; fileRef = 4A2EB0F51DC72D11004F2F39 /* ZJActionSheetItem.m */; };
		4A2EB1001DC72D11004F2F39 /* ZJActionSheetTableViewCell.m in Sources */ = {isa = PBXBuildFile; fileRef = 4A2EB0F71DC72D11004F2F39 /* ZJActionSheetTableViewCell.m */; };
		4A2EB1011DC72D11004F2F39 /* ZJActionSheetView.m in Sources */ = {isa = PBXBuildFile; fileRef = 4A2EB0F91DC72D11004F2F39 /* ZJActionSheetView.m */; };
		4A2EB1021DC72D11004F2F39 /* ZJActionSheetButton.m in Sources */ = {isa = PBXBuildFile; fileRef = 4A2EB0FC1DC72D11004F2F39 /* ZJActionSheetButton.m */; };
		4A2EB1031DC72D11004F2F39 /* ZJActionSheetViewSystem.m in Sources */ = {isa = PBXBuildFile; fileRef = 4A2EB0FE1DC72D11004F2F39 /* ZJActionSheetViewSystem.m */; };
		4AA29D921DB9F48800AA3E00 /* main.m in Sources */ = {isa = PBXBuildFile; fileRef = 4AA29D911DB9F48800AA3E00 /* main.m */; };
		4AA29D951DB9F48800AA3E00 /* AppDelegate.m in Sources */ = {isa = PBXBuildFile; fileRef = 4AA29D941DB9F48800AA3E00 /* AppDelegate.m */; };
		4AA29D981DB9F48800AA3E00 /* ViewController.m in Sources */ = {isa = PBXBuildFile; fileRef = 4AA29D971DB9F48800AA3E00 /* ViewController.m */; };
		4AA29D9B1DB9F48800AA3E00 /* Main.storyboard in Resources */ = {isa = PBXBuildFile; fileRef = 4AA29D991DB9F48800AA3E00 /* Main.storyboard */; };
		4AA29D9D1DB9F48800AA3E00 /* Assets.xcassets in Resources */ = {isa = PBXBuildFile; fileRef = 4AA29D9C1DB9F48800AA3E00 /* Assets.xcassets */; };
		4AA29DA01DB9F48800AA3E00 /* LaunchScreen.storyboard in Resources */ = {isa = PBXBuildFile; fileRef = 4AA29D9E1DB9F48800AA3E00 /* LaunchScreen.storyboard */; };
		4AA29DAB1DB9F48800AA3E00 /* ZJActionSheetTests.m in Sources */ = {isa = PBXBuildFile; fileRef = 4AA29DAA1DB9F48800AA3E00 /* ZJActionSheetTests.m */; };
		4AA29DB61DB9F48800AA3E00 /* ZJActionSheetUITests.m in Sources */ = {isa = PBXBuildFile; fileRef = 4AA29DB51DB9F48800AA3E00 /* ZJActionSheetUITests.m */; };
		4ABE26771DC8837E008F5BDF /* ZJImageOnlyHUDView.m in Sources */ = {isa = PBXBuildFile; fileRef = 4ABE266D1DC8837E008F5BDF /* ZJImageOnlyHUDView.m */; };
		4ABE26781DC8837E008F5BDF /* ZJProgressHUD.m in Sources */ = {isa = PBXBuildFile; fileRef = 4ABE26701DC8837E008F5BDF /* ZJProgressHUD.m */; };
		4ABE26791DC8837E008F5BDF /* ZJProgressHUDView.m in Sources */ = {isa = PBXBuildFile; fileRef = 4ABE26721DC8837E008F5BDF /* ZJProgressHUDView.m */; };
		4ABE267A1DC8837E008F5BDF /* ZJTextAndImageHUDView.m in Sources */ = {isa = PBXBuildFile; fileRef = 4ABE26741DC8837E008F5BDF /* ZJTextAndImageHUDView.m */; };
		4ABE267B1DC8837E008F5BDF /* ZJTextOnlyHUDView.m in Sources */ = {isa = PBXBuildFile; fileRef = 4ABE26761DC8837E008F5BDF /* ZJTextOnlyHUDView.m */; };
/* End PBXBuildFile section */

/* Begin PBXContainerItemProxy section */
		4AA29DA71DB9F48800AA3E00 /* PBXContainerItemProxy */ = {
			isa = PBXContainerItemProxy;
			containerPortal = 4AA29D851DB9F48800AA3E00 /* Project object */;
			proxyType = 1;
			remoteGlobalIDString = 4AA29D8C1DB9F48800AA3E00;
			remoteInfo = ZJActionSheet;
		};
		4AA29DB21DB9F48800AA3E00 /* PBXContainerItemProxy */ = {
			isa = PBXContainerItemProxy;
			containerPortal = 4AA29D851DB9F48800AA3E00 /* Project object */;
			proxyType = 1;
			remoteGlobalIDString = 4AA29D8C1DB9F48800AA3E00;
			remoteInfo = ZJActionSheet;
		};
/* End PBXContainerItemProxy section */

/* Begin PBXFileReference section */
		4A2EB0F41DC72D11004F2F39 /* ZJActionSheetItem.h */ = {isa = PBXFileReference; fileEncoding = 4; lastKnownFileType = sourcecode.c.h; path = ZJActionSheetItem.h; sourceTree = "<group>"; };
		4A2EB0F51DC72D11004F2F39 /* ZJActionSheetItem.m */ = {isa = PBXFileReference; fileEncoding = 4; lastKnownFileType = sourcecode.c.objc; path = ZJActionSheetItem.m; sourceTree = "<group>"; };
		4A2EB0F61DC72D11004F2F39 /* ZJActionSheetTableViewCell.h */ = {isa = PBXFileReference; fileEncoding = 4; lastKnownFileType = sourcecode.c.h; path = ZJActionSheetTableViewCell.h; sourceTree = "<group>"; };
		4A2EB0F71DC72D11004F2F39 /* ZJActionSheetTableViewCell.m */ = {isa = PBXFileReference; fileEncoding = 4; lastKnownFileType = sourcecode.c.objc; path = ZJActionSheetTableViewCell.m; sourceTree = "<group>"; };
		4A2EB0F81DC72D11004F2F39 /* ZJActionSheetView.h */ = {isa = PBXFileReference; fileEncoding = 4; lastKnownFileType = sourcecode.c.h; path = ZJActionSheetView.h; sourceTree = "<group>"; };
		4A2EB0F91DC72D11004F2F39 /* ZJActionSheetView.m */ = {isa = PBXFileReference; fileEncoding = 4; lastKnownFileType = sourcecode.c.objc; path = ZJActionSheetView.m; sourceTree = "<group>"; };
		4A2EB0FB1DC72D11004F2F39 /* ZJActionSheetButton.h */ = {isa = PBXFileReference; fileEncoding = 4; lastKnownFileType = sourcecode.c.h; path = ZJActionSheetButton.h; sourceTree = "<group>"; };
		4A2EB0FC1DC72D11004F2F39 /* ZJActionSheetButton.m */ = {isa = PBXFileReference; fileEncoding = 4; lastKnownFileType = sourcecode.c.objc; path = ZJActionSheetButton.m; sourceTree = "<group>"; };
		4A2EB0FD1DC72D11004F2F39 /* ZJActionSheetViewSystem.h */ = {isa = PBXFileReference; fileEncoding = 4; lastKnownFileType = sourcecode.c.h; path = ZJActionSheetViewSystem.h; sourceTree = "<group>"; };
		4A2EB0FE1DC72D11004F2F39 /* ZJActionSheetViewSystem.m */ = {isa = PBXFileReference; fileEncoding = 4; lastKnownFileType = sourcecode.c.objc; path = ZJActionSheetViewSystem.m; sourceTree = "<group>"; };
		4AA29D8D1DB9F48800AA3E00 /* ZJActionSheet.app */ = {isa = PBXFileReference; explicitFileType = wrapper.application; includeInIndex = 0; path = ZJActionSheet.app; sourceTree = BUILT_PRODUCTS_DIR; };
		4AA29D911DB9F48800AA3E00 /* main.m */ = {isa = PBXFileReference; lastKnownFileType = sourcecode.c.objc; path = main.m; sourceTree = "<group>"; };
		4AA29D931DB9F48800AA3E00 /* AppDelegate.h */ = {isa = PBXFileReference; lastKnownFileType = sourcecode.c.h; path = AppDelegate.h; sourceTree = "<group>"; };
		4AA29D941DB9F48800AA3E00 /* AppDelegate.m */ = {isa = PBXFileReference; lastKnownFileType = sourcecode.c.objc; path = AppDelegate.m; sourceTree = "<group>"; };
		4AA29D961DB9F48800AA3E00 /* ViewController.h */ = {isa = PBXFileReference; lastKnownFileType = sourcecode.c.h; path = ViewController.h; sourceTree = "<group>"; };
		4AA29D971DB9F48800AA3E00 /* ViewController.m */ = {isa = PBXFileReference; lastKnownFileType = sourcecode.c.objc; path = ViewController.m; sourceTree = "<group>"; };
		4AA29D9A1DB9F48800AA3E00 /* Base */ = {isa = PBXFileReference; lastKnownFileType = file.storyboard; name = Base; path = Base.lproj/Main.storyboard; sourceTree = "<group>"; };
		4AA29D9C1DB9F48800AA3E00 /* Assets.xcassets */ = {isa = PBXFileReference; lastKnownFileType = folder.assetcatalog; path = Assets.xcassets; sourceTree = "<group>"; };
		4AA29D9F1DB9F48800AA3E00 /* Base */ = {isa = PBXFileReference; lastKnownFileType = file.storyboard; name = Base; path = Base.lproj/LaunchScreen.storyboard; sourceTree = "<group>"; };
		4AA29DA11DB9F48800AA3E00 /* Info.plist */ = {isa = PBXFileReference; lastKnownFileType = text.plist.xml; path = Info.plist; sourceTree = "<group>"; };
		4AA29DA61DB9F48800AA3E00 /* ZJActionSheetTests.xctest */ = {isa = PBXFileReference; explicitFileType = wrapper.cfbundle; includeInIndex = 0; path = ZJActionSheetTests.xctest; sourceTree = BUILT_PRODUCTS_DIR; };
		4AA29DAA1DB9F48800AA3E00 /* ZJActionSheetTests.m */ = {isa = PBXFileReference; lastKnownFileType = sourcecode.c.objc; path = ZJActionSheetTests.m; sourceTree = "<group>"; };
		4AA29DAC1DB9F48800AA3E00 /* Info.plist */ = {isa = PBXFileReference; lastKnownFileType = text.plist.xml; path = Info.plist; sourceTree = "<group>"; };
		4AA29DB11DB9F48800AA3E00 /* ZJActionSheetUITests.xctest */ = {isa = PBXFileReference; explicitFileType = wrapper.cfbundle; includeInIndex = 0; path = ZJActionSheetUITests.xctest; sourceTree = BUILT_PRODUCTS_DIR; };
		4AA29DB51DB9F48800AA3E00 /* ZJActionSheetUITests.m */ = {isa = PBXFileReference; lastKnownFileType = sourcecode.c.objc; path = ZJActionSheetUITests.m; sourceTree = "<group>"; };
		4AA29DB71DB9F48800AA3E00 /* Info.plist */ = {isa = PBXFileReference; lastKnownFileType = text.plist.xml; path = Info.plist; sourceTree = "<group>"; };
		4ABE266C1DC8837E008F5BDF /* ZJImageOnlyHUDView.h */ = {isa = PBXFileReference; fileEncoding = 4; lastKnownFileType = sourcecode.c.h; path = ZJImageOnlyHUDView.h; sourceTree = "<group>"; };
		4ABE266D1DC8837E008F5BDF /* ZJImageOnlyHUDView.m */ = {isa = PBXFileReference; fileEncoding = 4; lastKnownFileType = sourcecode.c.objc; path = ZJImageOnlyHUDView.m; sourceTree = "<group>"; };
		4ABE266E1DC8837E008F5BDF /* ZJPrivateHUDProtocol.h */ = {isa = PBXFileReference; fileEncoding = 4; lastKnownFileType = sourcecode.c.h; path = ZJPrivateHUDProtocol.h; sourceTree = "<group>"; };
		4ABE266F1DC8837E008F5BDF /* ZJProgressHUD.h */ = {isa = PBXFileReference; fileEncoding = 4; lastKnownFileType = sourcecode.c.h; path = ZJProgressHUD.h; sourceTree = "<group>"; };
		4ABE26701DC8837E008F5BDF /* ZJProgressHUD.m */ = {isa = PBXFileReference; fileEncoding = 4; lastKnownFileType = sourcecode.c.objc; path = ZJProgressHUD.m; sourceTree = "<group>"; };
		4ABE26711DC8837E008F5BDF /* ZJProgressHUDView.h */ = {isa = PBXFileReference; fileEncoding = 4; lastKnownFileType = sourcecode.c.h; path = ZJProgressHUDView.h; sourceTree = "<group>"; };
		4ABE26721DC8837E008F5BDF /* ZJProgressHUDView.m */ = {isa = PBXFileReference; fileEncoding = 4; lastKnownFileType = sourcecode.c.objc; path = ZJProgressHUDView.m; sourceTree = "<group>"; };
		4ABE26731DC8837E008F5BDF /* ZJTextAndImageHUDView.h */ = {isa = PBXFileReference; fileEncoding = 4; lastKnownFileType = sourcecode.c.h; path = ZJTextAndImageHUDView.h; sourceTree = "<group>"; };
		4ABE26741DC8837E008F5BDF /* ZJTextAndImageHUDView.m */ = {isa = PBXFileReference; fileEncoding = 4; lastKnownFileType = sourcecode.c.objc; path = ZJTextAndImageHUDView.m; sourceTree = "<group>"; };
		4ABE26751DC8837E008F5BDF /* ZJTextOnlyHUDView.h */ = {isa = PBXFileReference; fileEncoding = 4; lastKnownFileType = sourcecode.c.h; path = ZJTextOnlyHUDView.h; sourceTree = "<group>"; };
		4ABE26761DC8837E008F5BDF /* ZJTextOnlyHUDView.m */ = {isa = PBXFileReference; fileEncoding = 4; lastKnownFileType = sourcecode.c.objc; path = ZJTextOnlyHUDView.m; sourceTree = "<group>"; };
/* End PBXFileReference section */

/* Begin PBXFrameworksBuildPhase section */
		4AA29D8A1DB9F48800AA3E00 /* Frameworks */ = {
			isa = PBXFrameworksBuildPhase;
			buildActionMask = 2147483647;
			files = (
			);
			runOnlyForDeploymentPostprocessing = 0;
		};
		4AA29DA31DB9F48800AA3E00 /* Frameworks */ = {
			isa = PBXFrameworksBuildPhase;
			buildActionMask = 2147483647;
			files = (
			);
			runOnlyForDeploymentPostprocessing = 0;
		};
		4AA29DAE1DB9F48800AA3E00 /* Frameworks */ = {
			isa = PBXFrameworksBuildPhase;
			buildActionMask = 2147483647;
			files = (
			);
			runOnlyForDeploymentPostprocessing = 0;
		};
/* End PBXFrameworksBuildPhase section */

/* Begin PBXGroup section */
		4A2EB0F21DC72D11004F2F39 /* ZJActionSheet */ = {
			isa = PBXGroup;
			children = (
				4A2EB0F31DC72D11004F2F39 /* ZJActionSheetViewCustom */,
				4A2EB0FA1DC72D11004F2F39 /* ZJActionSheetViewSystem */,
			);
			path = ZJActionSheet;
			sourceTree = "<group>";
		};
		4A2EB0F31DC72D11004F2F39 /* ZJActionSheetViewCustom */ = {
			isa = PBXGroup;
			children = (
				4A2EB0F41DC72D11004F2F39 /* ZJActionSheetItem.h */,
				4A2EB0F51DC72D11004F2F39 /* ZJActionSheetItem.m */,
				4A2EB0F61DC72D11004F2F39 /* ZJActionSheetTableViewCell.h */,
				4A2EB0F71DC72D11004F2F39 /* ZJActionSheetTableViewCell.m */,
				4A2EB0F81DC72D11004F2F39 /* ZJActionSheetView.h */,
				4A2EB0F91DC72D11004F2F39 /* ZJActionSheetView.m */,
			);
			path = ZJActionSheetViewCustom;
			sourceTree = "<group>";
		};
		4A2EB0FA1DC72D11004F2F39 /* ZJActionSheetViewSystem */ = {
			isa = PBXGroup;
			children = (
				4A2EB0FB1DC72D11004F2F39 /* ZJActionSheetButton.h */,
				4A2EB0FC1DC72D11004F2F39 /* ZJActionSheetButton.m */,
				4A2EB0FD1DC72D11004F2F39 /* ZJActionSheetViewSystem.h */,
				4A2EB0FE1DC72D11004F2F39 /* ZJActionSheetViewSystem.m */,
			);
			path = ZJActionSheetViewSystem;
			sourceTree = "<group>";
		};
		4AA29D841DB9F48800AA3E00 = {
			isa = PBXGroup;
			children = (
				4AA29D8F1DB9F48800AA3E00 /* ZJActionSheet */,
				4AA29DA91DB9F48800AA3E00 /* ZJActionSheetTests */,
				4AA29DB41DB9F48800AA3E00 /* ZJActionSheetUITests */,
				4AA29D8E1DB9F48800AA3E00 /* Products */,
			);
			sourceTree = "<group>";
		};
		4AA29D8E1DB9F48800AA3E00 /* Products */ = {
			isa = PBXGroup;
			children = (
				4AA29D8D1DB9F48800AA3E00 /* ZJActionSheet.app */,
				4AA29DA61DB9F48800AA3E00 /* ZJActionSheetTests.xctest */,
				4AA29DB11DB9F48800AA3E00 /* ZJActionSheetUITests.xctest */,
			);
			name = Products;
			sourceTree = "<group>";
		};
		4AA29D8F1DB9F48800AA3E00 /* ZJActionSheet */ = {
			isa = PBXGroup;
			children = (
				4ABE266B1DC8837E008F5BDF /* ZJProgressHUD */,
				4AA29D931DB9F48800AA3E00 /* AppDelegate.h */,
				4AA29D941DB9F48800AA3E00 /* AppDelegate.m */,
				4AA29D961DB9F48800AA3E00 /* ViewController.h */,
				4AA29D971DB9F48800AA3E00 /* ViewController.m */,
				4A2EB0F21DC72D11004F2F39 /* ZJActionSheet */,
				4AA29D991DB9F48800AA3E00 /* Main.storyboard */,
				4AA29D9C1DB9F48800AA3E00 /* Assets.xcassets */,
				4AA29D9E1DB9F48800AA3E00 /* LaunchScreen.storyboard */,
				4AA29DA11DB9F48800AA3E00 /* Info.plist */,
				4AA29D901DB9F48800AA3E00 /* Supporting Files */,
			);
			path = ZJActionSheet;
			sourceTree = "<group>";
		};
		4AA29D901DB9F48800AA3E00 /* Supporting Files */ = {
			isa = PBXGroup;
			children = (
				4AA29D911DB9F48800AA3E00 /* main.m */,
			);
			name = "Supporting Files";
			sourceTree = "<group>";
		};
		4AA29DA91DB9F48800AA3E00 /* ZJActionSheetTests */ = {
			isa = PBXGroup;
			children = (
				4AA29DAA1DB9F48800AA3E00 /* ZJActionSheetTests.m */,
				4AA29DAC1DB9F48800AA3E00 /* Info.plist */,
			);
			path = ZJActionSheetTests;
			sourceTree = "<group>";
		};
		4AA29DB41DB9F48800AA3E00 /* ZJActionSheetUITests */ = {
			isa = PBXGroup;
			children = (
				4AA29DB51DB9F48800AA3E00 /* ZJActionSheetUITests.m */,
				4AA29DB71DB9F48800AA3E00 /* Info.plist */,
			);
			path = ZJActionSheetUITests;
			sourceTree = "<group>";
		};
		4ABE266B1DC8837E008F5BDF /* ZJProgressHUD */ = {
			isa = PBXGroup;
			children = (
				4ABE266C1DC8837E008F5BDF /* ZJImageOnlyHUDView.h */,
				4ABE266D1DC8837E008F5BDF /* ZJImageOnlyHUDView.m */,
				4ABE266E1DC8837E008F5BDF /* ZJPrivateHUDProtocol.h */,
				4ABE266F1DC8837E008F5BDF /* ZJProgressHUD.h */,
				4ABE26701DC8837E008F5BDF /* ZJProgressHUD.m */,
				4ABE26711DC8837E008F5BDF /* ZJProgressHUDView.h */,
				4ABE26721DC8837E008F5BDF /* ZJProgressHUDView.m */,
				4ABE26731DC8837E008F5BDF /* ZJTextAndImageHUDView.h */,
				4ABE26741DC8837E008F5BDF /* ZJTextAndImageHUDView.m */,
				4ABE26751DC8837E008F5BDF /* ZJTextOnlyHUDView.h */,
				4ABE26761DC8837E008F5BDF /* ZJTextOnlyHUDView.m */,
			);
			path = ZJProgressHUD;
			sourceTree = "<group>";
		};
/* End PBXGroup section */

/* Begin PBXNativeTarget section */
		4AA29D8C1DB9F48800AA3E00 /* ZJActionSheet */ = {
			isa = PBXNativeTarget;
			buildConfigurationList = 4AA29DBA1DB9F48800AA3E00 /* Build configuration list for PBXNativeTarget "ZJActionSheet" */;
			buildPhases = (
				4AA29D891DB9F48800AA3E00 /* Sources */,
				4AA29D8A1DB9F48800AA3E00 /* Frameworks */,
				4AA29D8B1DB9F48800AA3E00 /* Resources */,
			);
			buildRules = (
			);
			dependencies = (
			);
			name = ZJActionSheet;
			productName = ZJActionSheet;
			productReference = 4AA29D8D1DB9F48800AA3E00 /* ZJActionSheet.app */;
			productType = "com.apple.product-type.application";
		};
		4AA29DA51DB9F48800AA3E00 /* ZJActionSheetTests */ = {
			isa = PBXNativeTarget;
			buildConfigurationList = 4AA29DBD1DB9F48800AA3E00 /* Build configuration list for PBXNativeTarget "ZJActionSheetTests" */;
			buildPhases = (
				4AA29DA21DB9F48800AA3E00 /* Sources */,
				4AA29DA31DB9F48800AA3E00 /* Frameworks */,
				4AA29DA41DB9F48800AA3E00 /* Resources */,
			);
			buildRules = (
			);
			dependencies = (
				4AA29DA81DB9F48800AA3E00 /* PBXTargetDependency */,
			);
			name = ZJActionSheetTests;
			productName = ZJActionSheetTests;
			productReference = 4AA29DA61DB9F48800AA3E00 /* ZJActionSheetTests.xctest */;
			productType = "com.apple.product-type.bundle.unit-test";
		};
		4AA29DB01DB9F48800AA3E00 /* ZJActionSheetUITests */ = {
			isa = PBXNativeTarget;
			buildConfigurationList = 4AA29DC01DB9F48800AA3E00 /* Build configuration list for PBXNativeTarget "ZJActionSheetUITests" */;
			buildPhases = (
				4AA29DAD1DB9F48800AA3E00 /* Sources */,
				4AA29DAE1DB9F48800AA3E00 /* Frameworks */,
				4AA29DAF1DB9F48800AA3E00 /* Resources */,
			);
			buildRules = (
			);
			dependencies = (
				4AA29DB31DB9F48800AA3E00 /* PBXTargetDependency */,
			);
			name = ZJActionSheetUITests;
			productName = ZJActionSheetUITests;
			productReference = 4AA29DB11DB9F48800AA3E00 /* ZJActionSheetUITests.xctest */;
			productType = "com.apple.product-type.bundle.ui-testing";
		};
/* End PBXNativeTarget section */

/* Begin PBXProject section */
		4AA29D851DB9F48800AA3E00 /* Project object */ = {
			isa = PBXProject;
			attributes = {
				LastUpgradeCheck = 0730;
				ORGANIZATIONNAME = ZeroJ;
				TargetAttributes = {
					4AA29D8C1DB9F48800AA3E00 = {
						CreatedOnToolsVersion = 7.3.1;
						DevelopmentTeam = 9G8PCT5S2D;
					};
					4AA29DA51DB9F48800AA3E00 = {
						CreatedOnToolsVersion = 7.3.1;
						DevelopmentTeam = 9G8PCT5S2D;
						TestTargetID = 4AA29D8C1DB9F48800AA3E00;
					};
					4AA29DB01DB9F48800AA3E00 = {
						CreatedOnToolsVersion = 7.3.1;
						DevelopmentTeam = 9G8PCT5S2D;
						TestTargetID = 4AA29D8C1DB9F48800AA3E00;
					};
				};
			};
			buildConfigurationList = 4AA29D881DB9F48800AA3E00 /* Build configuration list for PBXProject "ZJActionSheet" */;
			compatibilityVersion = "Xcode 3.2";
			developmentRegion = English;
			hasScannedForEncodings = 0;
			knownRegions = (
				en,
				Base,
			);
			mainGroup = 4AA29D841DB9F48800AA3E00;
			productRefGroup = 4AA29D8E1DB9F48800AA3E00 /* Products */;
			projectDirPath = "";
			projectRoot = "";
			targets = (
				4AA29D8C1DB9F48800AA3E00 /* ZJActionSheet */,
				4AA29DA51DB9F48800AA3E00 /* ZJActionSheetTests */,
				4AA29DB01DB9F48800AA3E00 /* ZJActionSheetUITests */,
			);
		};
/* End PBXProject section */

/* Begin PBXResourcesBuildPhase section */
		4AA29D8B1DB9F48800AA3E00 /* Resources */ = {
			isa = PBXResourcesBuildPhase;
			buildActionMask = 2147483647;
			files = (
				4AA29DA01DB9F48800AA3E00 /* LaunchScreen.storyboard in Resources */,
				4AA29D9D1DB9F48800AA3E00 /* Assets.xcassets in Resources */,
				4AA29D9B1DB9F48800AA3E00 /* Main.storyboard in Resources */,
			);
			runOnlyForDeploymentPostprocessing = 0;
		};
		4AA29DA41DB9F48800AA3E00 /* Resources */ = {
			isa = PBXResourcesBuildPhase;
			buildActionMask = 2147483647;
			files = (
			);
			runOnlyForDeploymentPostprocessing = 0;
		};
		4AA29DAF1DB9F48800AA3E00 /* Resources */ = {
			isa = PBXResourcesBuildPhase;
			buildActionMask = 2147483647;
			files = (
			);
			runOnlyForDeploymentPostprocessing = 0;
		};
/* End PBXResourcesBuildPhase section */

/* Begin PBXSourcesBuildPhase section */
		4AA29D891DB9F48800AA3E00 /* Sources */ = {
			isa = PBXSourcesBuildPhase;
			buildActionMask = 2147483647;
			files = (
				4A2EB0FF1DC72D11004F2F39 /* ZJActionSheetItem.m in Sources */,
				4AA29D981DB9F48800AA3E00 /* ViewController.m in Sources */,
				4ABE26771DC8837E008F5BDF /* ZJImageOnlyHUDView.m in Sources */,
				4AA29D951DB9F48800AA3E00 /* AppDelegate.m in Sources */,
				4AA29D921DB9F48800AA3E00 /* main.m in Sources */,
				4ABE267A1DC8837E008F5BDF /* ZJTextAndImageHUDView.m in Sources */,
				4A2EB1021DC72D11004F2F39 /* ZJActionSheetButton.m in Sources */,
				4ABE26781DC8837E008F5BDF /* ZJProgressHUD.m in Sources */,
				4A2EB1011DC72D11004F2F39 /* ZJActionSheetView.m in Sources */,
				4A2EB1001DC72D11004F2F39 /* ZJActionSheetTableViewCell.m in Sources */,
				4ABE267B1DC8837E008F5BDF /* ZJTextOnlyHUDView.m in Sources */,
				4A2EB1031DC72D11004F2F39 /* ZJActionSheetViewSystem.m in Sources */,
				4ABE26791DC8837E008F5BDF /* ZJProgressHUDView.m in Sources */,
			);
			runOnlyForDeploymentPostprocessing = 0;
		};
		4AA29DA21DB9F48800AA3E00 /* Sources */ = {
			isa = PBXSourcesBuildPhase;
			buildActionMask = 2147483647;
			files = (
				4AA29DAB1DB9F48800AA3E00 /* ZJActionSheetTests.m in Sources */,
			);
			runOnlyForDeploymentPostprocessing = 0;
		};
		4AA29DAD1DB9F48800AA3E00 /* Sources */ = {
			isa = PBXSourcesBuildPhase;
			buildActionMask = 2147483647;
			files = (
				4AA29DB61DB9F48800AA3E00 /* ZJActionSheetUITests.m in Sources */,
			);
			runOnlyForDeploymentPostprocessing = 0;
		};
/* End PBXSourcesBuildPhase section */

/* Begin PBXTargetDependency section */
		4AA29DA81DB9F48800AA3E00 /* PBXTargetDependency */ = {
			isa = PBXTargetDependency;
			target = 4AA29D8C1DB9F48800AA3E00 /* ZJActionSheet */;
			targetProxy = 4AA29DA71DB9F48800AA3E00 /* PBXContainerItemProxy */;
		};
		4AA29DB31DB9F48800AA3E00 /* PBXTargetDependency */ = {
			isa = PBXTargetDependency;
			target = 4AA29D8C1DB9F48800AA3E00 /* ZJActionSheet */;
			targetProxy = 4AA29DB21DB9F48800AA3E00 /* PBXContainerItemProxy */;
		};
/* End PBXTargetDependency section */

/* Begin PBXVariantGroup section */
		4AA29D991DB9F48800AA3E00 /* Main.storyboard */ = {
			isa = PBXVariantGroup;
			children = (
				4AA29D9A1DB9F48800AA3E00 /* Base */,
			);
			name = Main.storyboard;
			sourceTree = "<group>";
		};
		4AA29D9E1DB9F48800AA3E00 /* LaunchScreen.storyboard */ = {
			isa = PBXVariantGroup;
			children = (
				4AA29D9F1DB9F48800AA3E00 /* Base */,
			);
			name = LaunchScreen.storyboard;
			sourceTree = "<group>";
		};
/* End PBXVariantGroup section */

/* Begin XCBuildConfiguration section */
		4AA29DB81DB9F48800AA3E00 /* Debug */ = {
			isa = XCBuildConfiguration;
			buildSettings = {
				ALWAYS_SEARCH_USER_PATHS = NO;
				CLANG_ANALYZER_NONNULL = YES;
				CLANG_CXX_LANGUAGE_STANDARD = "gnu++0x";
				CLANG_CXX_LIBRARY = "libc++";
				CLANG_ENABLE_MODULES = YES;
				CLANG_ENABLE_OBJC_ARC = YES;
				CLANG_WARN_BOOL_CONVERSION = YES;
				CLANG_WARN_CONSTANT_CONVERSION = YES;
				CLANG_WARN_DIRECT_OBJC_ISA_USAGE = YES_ERROR;
				CLANG_WARN_EMPTY_BODY = YES;
				CLANG_WARN_ENUM_CONVERSION = YES;
				CLANG_WARN_INT_CONVERSION = YES;
				CLANG_WARN_OBJC_ROOT_CLASS = YES_ERROR;
				CLANG_WARN_UNREACHABLE_CODE = YES;
				CLANG_WARN__DUPLICATE_METHOD_MATCH = YES;
				"CODE_SIGN_IDENTITY[sdk=iphoneos*]" = "iPhone Developer";
				COPY_PHASE_STRIP = NO;
				DEBUG_INFORMATION_FORMAT = dwarf;
				ENABLE_STRICT_OBJC_MSGSEND = YES;
				ENABLE_TESTABILITY = YES;
				GCC_C_LANGUAGE_STANDARD = gnu99;
				GCC_DYNAMIC_NO_PIC = NO;
				GCC_NO_COMMON_BLOCKS = YES;
				GCC_OPTIMIZATION_LEVEL = 0;
				GCC_PREPROCESSOR_DEFINITIONS = (
					"DEBUG=1",
					"$(inherited)",
				);
				GCC_WARN_64_TO_32_BIT_CONVERSION = YES;
				GCC_WARN_ABOUT_RETURN_TYPE = YES_ERROR;
				GCC_WARN_UNDECLARED_SELECTOR = YES;
				GCC_WARN_UNINITIALIZED_AUTOS = YES_AGGRESSIVE;
				GCC_WARN_UNUSED_FUNCTION = YES;
				GCC_WARN_UNUSED_VARIABLE = YES;
				IPHONEOS_DEPLOYMENT_TARGET = 9.3;
				MTL_ENABLE_DEBUG_INFO = YES;
				ONLY_ACTIVE_ARCH = YES;
				SDKROOT = iphoneos;
				TARGETED_DEVICE_FAMILY = "1,2";
			};
			name = Debug;
		};
		4AA29DB91DB9F48800AA3E00 /* Release */ = {
			isa = XCBuildConfiguration;
			buildSettings = {
				ALWAYS_SEARCH_USER_PATHS = NO;
				CLANG_ANALYZER_NONNULL = YES;
				CLANG_CXX_LANGUAGE_STANDARD = "gnu++0x";
				CLANG_CXX_LIBRARY = "libc++";
				CLANG_ENABLE_MODULES = YES;
				CLANG_ENABLE_OBJC_ARC = YES;
				CLANG_WARN_BOOL_CONVERSION = YES;
				CLANG_WARN_CONSTANT_CONVERSION = YES;
				CLANG_WARN_DIRECT_OBJC_ISA_USAGE = YES_ERROR;
				CLANG_WARN_EMPTY_BODY = YES;
				CLANG_WARN_ENUM_CONVERSION = YES;
				CLANG_WARN_INT_CONVERSION = YES;
				CLANG_WARN_OBJC_ROOT_CLASS = YES_ERROR;
				CLANG_WARN_UNREACHABLE_CODE = YES;
				CLANG_WARN__DUPLICATE_METHOD_MATCH = YES;
				"CODE_SIGN_IDENTITY[sdk=iphoneos*]" = "iPhone Developer";
				COPY_PHASE_STRIP = NO;
				DEBUG_INFORMATION_FORMAT = "dwarf-with-dsym";
				ENABLE_NS_ASSERTIONS = NO;
				ENABLE_STRICT_OBJC_MSGSEND = YES;
				GCC_C_LANGUAGE_STANDARD = gnu99;
				GCC_NO_COMMON_BLOCKS = YES;
				GCC_WARN_64_TO_32_BIT_CONVERSION = YES;
				GCC_WARN_ABOUT_RETURN_TYPE = YES_ERROR;
				GCC_WARN_UNDECLARED_SELECTOR = YES;
				GCC_WARN_UNINITIALIZED_AUTOS = YES_AGGRESSIVE;
				GCC_WARN_UNUSED_FUNCTION = YES;
				GCC_WARN_UNUSED_VARIABLE = YES;
				IPHONEOS_DEPLOYMENT_TARGET = 9.3;
				MTL_ENABLE_DEBUG_INFO = NO;
				SDKROOT = iphoneos;
				TARGETED_DEVICE_FAMILY = "1,2";
				VALIDATE_PRODUCT = YES;
			};
			name = Release;
		};
		4AA29DBB1DB9F48800AA3E00 /* Debug */ = {
			isa = XCBuildConfiguration;
			buildSettings = {
				ASSETCATALOG_COMPILER_APPICON_NAME = AppIcon;
				INFOPLIST_FILE = ZJActionSheet/Info.plist;
				LD_RUNPATH_SEARCH_PATHS = "$(inherited) @executable_path/Frameworks";
				PRODUCT_BUNDLE_IDENTIFIER = com.UESTC.ZeroJ.ZJActionSheet;
				PRODUCT_NAME = "$(TARGET_NAME)";
			};
			name = Debug;
		};
		4AA29DBC1DB9F48800AA3E00 /* Release */ = {
			isa = XCBuildConfiguration;
			buildSettings = {
				ASSETCATALOG_COMPILER_APPICON_NAME = AppIcon;
				INFOPLIST_FILE = ZJActionSheet/Info.plist;
				LD_RUNPATH_SEARCH_PATHS = "$(inherited) @executable_path/Frameworks";
				PRODUCT_BUNDLE_IDENTIFIER = com.UESTC.ZeroJ.ZJActionSheet;
				PRODUCT_NAME = "$(TARGET_NAME)";
			};
			name = Release;
		};
		4AA29DBE1DB9F48800AA3E00 /* Debug */ = {
			isa = XCBuildConfiguration;
			buildSettings = {
				BUNDLE_LOADER = "$(TEST_HOST)";
				INFOPLIST_FILE = ZJActionSheetTests/Info.plist;
				LD_RUNPATH_SEARCH_PATHS = "$(inherited) @executable_path/Frameworks @loader_path/Frameworks";
				PRODUCT_BUNDLE_IDENTIFIER = com.UESTC.ZeroJ.ZJActionSheetTests;
				PRODUCT_NAME = "$(TARGET_NAME)";
				TEST_HOST = "$(BUILT_PRODUCTS_DIR)/ZJActionSheet.app/ZJActionSheet";
			};
			name = Debug;
		};
		4AA29DBF1DB9F48800AA3E00 /* Release */ = {
			isa = XCBuildConfiguration;
			buildSettings = {
				BUNDLE_LOADER = "$(TEST_HOST)";
				INFOPLIST_FILE = ZJActionSheetTests/Info.plist;
				LD_RUNPATH_SEARCH_PATHS = "$(inherited) @executable_path/Frameworks @loader_path/Frameworks";
				PRODUCT_BUNDLE_IDENTIFIER = com.UESTC.ZeroJ.ZJActionSheetTests;
				PRODUCT_NAME = "$(TARGET_NAME)";
				TEST_HOST = "$(BUILT_PRODUCTS_DIR)/ZJActionSheet.app/ZJActionSheet";
			};
			name = Release;
		};
		4AA29DC11DB9F48800AA3E00 /* Debug */ = {
			isa = XCBuildConfiguration;
			buildSettings = {
				INFOPLIST_FILE = ZJActionSheetUITests/Info.plist;
				LD_RUNPATH_SEARCH_PATHS = "$(inherited) @executable_path/Frameworks @loader_path/Frameworks";
				PRODUCT_BUNDLE_IDENTIFIER = com.UESTC.ZeroJ.ZJActionSheetUITests;
				PRODUCT_NAME = "$(TARGET_NAME)";
				TEST_TARGET_NAME = ZJActionSheet;
			};
			name = Debug;
		};
		4AA29DC21DB9F48800AA3E00 /* Release */ = {
			isa = XCBuildConfiguration;
			buildSettings = {
				INFOPLIST_FILE = ZJActionSheetUITests/Info.plist;
				LD_RUNPATH_SEARCH_PATHS = "$(inherited) @executable_path/Frameworks @loader_path/Frameworks";
				PRODUCT_BUNDLE_IDENTIFIER = com.UESTC.ZeroJ.ZJActionSheetUITests;
				PRODUCT_NAME = "$(TARGET_NAME)";
				TEST_TARGET_NAME = ZJActionSheet;
			};
			name = Release;
		};
/* End XCBuildConfiguration section */

/* Begin XCConfigurationList section */
		4AA29D881DB9F48800AA3E00 /* Build configuration list for PBXProject "ZJActionSheet" */ = {
			isa = XCConfigurationList;
			buildConfigurations = (
				4AA29DB81DB9F48800AA3E00 /* Debug */,
				4AA29DB91DB9F48800AA3E00 /* Release */,
			);
			defaultConfigurationIsVisible = 0;
			defaultConfigurationName = Release;
		};
		4AA29DBA1DB9F48800AA3E00 /* Build configuration list for PBXNativeTarget "ZJActionSheet" */ = {
			isa = XCConfigurationList;
			buildConfigurations = (
				4AA29DBB1DB9F48800AA3E00 /* Debug */,
				4AA29DBC1DB9F48800AA3E00 /* Release */,
			);
			defaultConfigurationIsVisible = 0;
			defaultConfigurationName = Release;
		};
		4AA29DBD1DB9F48800AA3E00 /* Build configuration list for PBXNativeTarget "ZJActionSheetTests" */ = {
			isa = XCConfigurationList;
			buildConfigurations = (
				4AA29DBE1DB9F48800AA3E00 /* Debug */,
				4AA29DBF1DB9F48800AA3E00 /* Release */,
			);
			defaultConfigurationIsVisible = 0;
			defaultConfigurationName = Release;
		};
		4AA29DC01DB9F48800AA3E00 /* Build configuration list for PBXNativeTarget "ZJActionSheetUITests" */ = {
			isa = XCConfigurationList;
			buildConfigurations = (
				4AA29DC11DB9F48800AA3E00 /* Debug */,
				4AA29DC21DB9F48800AA3E00 /* Release */,
			);
			defaultConfigurationIsVisible = 0;
			defaultConfigurationName = Release;
		};
/* End XCConfigurationList section */
	};
	rootObject = 4AA29D851DB9F48800AA3E00 /* Project object */;
}
